
Microsoft Visual Studio Solution File, Format Version 12.00
# Visual Studio Version 17
VisualStudioVersion = 17.0.31808.319
MinimumVisualStudioVersion = 10.0.40219.1
Project("{FAE04EC0-301F-11D3-BF4B-00C04F79EFBC}") = "FWDungeon", "FWDungeon\FWDungeon.csproj", "{7E253AEB-7FBA-4E8D-A116-1491CEB1FBB8}"
EndProject
Global
	GlobalSection(SolutionConfigurationPlatforms) = preSolution
		Debug|Any CPU = Debug|Any CPU
		Release|Any CPU = Release|Any CPU
	EndGlobalSection
	GlobalSection(ProjectConfigurationPlatforms) = postSolution
		{7E253AEB-7FBA-4E8D-A116-1491CEB1FBB8}.Debug|Any CPU.ActiveCfg = Debug|Any CPU
		{7E253AEB-7FBA-4E8D-A116-1491CEB1FBB8}.Debug|Any CPU.Build.0 = Debug|Any CPU
		{7E253AEB-7FBA-4E8D-A116-1491CEB1FBB8}.Release|Any CPU.ActiveCfg = Release|Any CPU
		{7E253AEB-7FBA-4E8D-A116-1491CEB1FBB8}.Release|Any CPU.Build.0 = Release|Any CPU
	EndGlobalSection
	GlobalSection(SolutionProperties) = preSolution
		HideSolutionNode = FALSE
	EndGlobalSection
	GlobalSection(ExtensibilityGlobals) = postSolution
		SolutionGuid = {37C41389-AA73-4E64-8230-D4348CC7B216}
	EndGlobalSection
EndGlobal
